
Microsoft Visual Studio Solution File, Format Version 12.00
# Visual Studio Version 16
Project("{8BC9CEB8-8B4A-11D0-8D11-00A0C91BC942}") = "Sandbox", "Sandbox\Sandbox.vcxproj", "{F4C124E3-60A1-A37E-69B9-2E55D5170AE0}"
EndProject
Project("{8BC9CEB8-8B4A-11D0-8D11-00A0C91BC942}") = "DearIMGui", "EnginesFollow\vendor\imgui\DearIMGui.vcxproj", "{FC1B3553-6886-E9C9-B1C4-9A6F1D6EC71E}"
EndProject
Project("{8BC9CEB8-8B4A-11D0-8D11-00A0C91BC942}") = "EnginesFollow", "EnginesFollow\EnginesFollow.vcxproj", "{411D07AE-ADDD-82E4-7618-CC61E297C7C0}"
EndProject
Project("{8BC9CEB8-8B4A-11D0-8D11-00A0C91BC942}") = "GLAD", "EnginesFollow\vendor\glad\GLAD.vcxproj", "{5D4A857C-4981-860D-F26D-6C10DE83020F}"
EndProject
Project("{8BC9CEB8-8B4A-11D0-8D11-00A0C91BC942}") = "GLFW", "EnginesFollow\vendor\glfw\GLFW.vcxproj", "{154B857C-0182-860D-AA6E-6C109684020F}"
EndProject
Project("{8BC9CEB8-8B4A-11D0-8D11-00A0C91BC942}") = "MathGeoLib", "EnginesFollow\vendor\mathgeolib\MathGeoLib.vcxproj", "{C19A7F90-AD52-C1DD-165A-9A3902315CCE}"
EndProject
Project("{8BC9CEB8-8B4A-11D0-8D11-00A0C91BC942}") = "PCG", "EnginesFollow\vendor\pcg\PCG.vcxproj", "{1F10880B-8B19-887C-1495-9E7C809D937C}"
EndProject
Project("{8BC9CEB8-8B4A-11D0-8D11-00A0C91BC942}") = "SPDLOG", "EnginesFollow\vendor\spdlog\SPDLOG.vcxproj", "{CE7049CF-BA12-74A5-A3CD-87F98F0EFBF5}"
EndProject
Project("{8BC9CEB8-8B4A-11D0-8D11-00A0C91BC942}") = "parson", "EnginesFollow\vendor\parson\parson.vcxproj", "{388F3C14-2431-67EA-0DEC-7A3EF92CEE3A}"
EndProject
Global
	GlobalSection(SolutionConfigurationPlatforms) = preSolution
		Debug|x64 = Debug|x64
		Distribution|x64 = Distribution|x64
		Release|x64 = Release|x64
	EndGlobalSection
	GlobalSection(ProjectConfigurationPlatforms) = postSolution
		{F4C124E3-60A1-A37E-69B9-2E55D5170AE0}.Debug|x64.ActiveCfg = Debug|x64
		{F4C124E3-60A1-A37E-69B9-2E55D5170AE0}.Debug|x64.Build.0 = Debug|x64
		{F4C124E3-60A1-A37E-69B9-2E55D5170AE0}.Distribution|x64.ActiveCfg = Distribution|x64
		{F4C124E3-60A1-A37E-69B9-2E55D5170AE0}.Distribution|x64.Build.0 = Distribution|x64
		{F4C124E3-60A1-A37E-69B9-2E55D5170AE0}.Release|x64.ActiveCfg = Release|x64
		{F4C124E3-60A1-A37E-69B9-2E55D5170AE0}.Release|x64.Build.0 = Release|x64
		{FC1B3553-6886-E9C9-B1C4-9A6F1D6EC71E}.Debug|x64.ActiveCfg = Debug|x64
		{FC1B3553-6886-E9C9-B1C4-9A6F1D6EC71E}.Debug|x64.Build.0 = Debug|x64
		{FC1B3553-6886-E9C9-B1C4-9A6F1D6EC71E}.Distribution|x64.ActiveCfg = Distribution|x64
		{FC1B3553-6886-E9C9-B1C4-9A6F1D6EC71E}.Distribution|x64.Build.0 = Distribution|x64
		{FC1B3553-6886-E9C9-B1C4-9A6F1D6EC71E}.Release|x64.ActiveCfg = Release|x64
		{FC1B3553-6886-E9C9-B1C4-9A6F1D6EC71E}.Release|x64.Build.0 = Release|x64
		{411D07AE-ADDD-82E4-7618-CC61E297C7C0}.Debug|x64.ActiveCfg = Debug|x64
		{411D07AE-ADDD-82E4-7618-CC61E297C7C0}.Debug|x64.Build.0 = Debug|x64
		{411D07AE-ADDD-82E4-7618-CC61E297C7C0}.Distribution|x64.ActiveCfg = Distribution|x64
		{411D07AE-ADDD-82E4-7618-CC61E297C7C0}.Distribution|x64.Build.0 = Distribution|x64
		{411D07AE-ADDD-82E4-7618-CC61E297C7C0}.Release|x64.ActiveCfg = Release|x64
		{411D07AE-ADDD-82E4-7618-CC61E297C7C0}.Release|x64.Build.0 = Release|x64
		{5D4A857C-4981-860D-F26D-6C10DE83020F}.Debug|x64.ActiveCfg = Debug|x64
		{5D4A857C-4981-860D-F26D-6C10DE83020F}.Debug|x64.Build.0 = Debug|x64
		{5D4A857C-4981-860D-F26D-6C10DE83020F}.Distribution|x64.ActiveCfg = Distribution|x64
		{5D4A857C-4981-860D-F26D-6C10DE83020F}.Distribution|x64.Build.0 = Distribution|x64
		{5D4A857C-4981-860D-F26D-6C10DE83020F}.Release|x64.ActiveCfg = Release|x64
		{5D4A857C-4981-860D-F26D-6C10DE83020F}.Release|x64.Build.0 = Release|x64
		{154B857C-0182-860D-AA6E-6C109684020F}.Debug|x64.ActiveCfg = Debug|x64
		{154B857C-0182-860D-AA6E-6C109684020F}.Debug|x64.Build.0 = Debug|x64
		{154B857C-0182-860D-AA6E-6C109684020F}.Distribution|x64.ActiveCfg = Distribution|x64
		{154B857C-0182-860D-AA6E-6C109684020F}.Distribution|x64.Build.0 = Distribution|x64
		{154B857C-0182-860D-AA6E-6C109684020F}.Release|x64.ActiveCfg = Release|x64
		{154B857C-0182-860D-AA6E-6C109684020F}.Release|x64.Build.0 = Release|x64
		{C19A7F90-AD52-C1DD-165A-9A3902315CCE}.Debug|x64.ActiveCfg = Debug|x64
		{C19A7F90-AD52-C1DD-165A-9A3902315CCE}.Debug|x64.Build.0 = Debug|x64
		{C19A7F90-AD52-C1DD-165A-9A3902315CCE}.Distribution|x64.ActiveCfg = Distribution|x64
		{C19A7F90-AD52-C1DD-165A-9A3902315CCE}.Distribution|x64.Build.0 = Distribution|x64
		{C19A7F90-AD52-C1DD-165A-9A3902315CCE}.Release|x64.ActiveCfg = Release|x64
		{C19A7F90-AD52-C1DD-165A-9A3902315CCE}.Release|x64.Build.0 = Release|x64
		{1F10880B-8B19-887C-1495-9E7C809D937C}.Debug|x64.ActiveCfg = Debug|x64
		{1F10880B-8B19-887C-1495-9E7C809D937C}.Debug|x64.Build.0 = Debug|x64
		{1F10880B-8B19-887C-1495-9E7C809D937C}.Distribution|x64.ActiveCfg = Distribution|x64
		{1F10880B-8B19-887C-1495-9E7C809D937C}.Distribution|x64.Build.0 = Distribution|x64
		{1F10880B-8B19-887C-1495-9E7C809D937C}.Release|x64.ActiveCfg = Release|x64
		{1F10880B-8B19-887C-1495-9E7C809D937C}.Release|x64.Build.0 = Release|x64
		{CE7049CF-BA12-74A5-A3CD-87F98F0EFBF5}.Debug|x64.ActiveCfg = Debug|x64
		{CE7049CF-BA12-74A5-A3CD-87F98F0EFBF5}.Debug|x64.Build.0 = Debug|x64
		{CE7049CF-BA12-74A5-A3CD-87F98F0EFBF5}.Distribution|x64.ActiveCfg = Distribution|x64
		{CE7049CF-BA12-74A5-A3CD-87F98F0EFBF5}.Distribution|x64.Build.0 = Distribution|x64
		{CE7049CF-BA12-74A5-A3CD-87F98F0EFBF5}.Release|x64.ActiveCfg = Release|x64
		{CE7049CF-BA12-74A5-A3CD-87F98F0EFBF5}.Release|x64.Build.0 = Release|x64
		{388F3C14-2431-67EA-0DEC-7A3EF92CEE3A}.Debug|x64.ActiveCfg = Debug|x64
		{388F3C14-2431-67EA-0DEC-7A3EF92CEE3A}.Debug|x64.Build.0 = Debug|x64
		{388F3C14-2431-67EA-0DEC-7A3EF92CEE3A}.Distribution|x64.ActiveCfg = Distribution|x64
		{388F3C14-2431-67EA-0DEC-7A3EF92CEE3A}.Distribution|x64.Build.0 = Distribution|x64
		{388F3C14-2431-67EA-0DEC-7A3EF92CEE3A}.Release|x64.ActiveCfg = Release|x64
		{388F3C14-2431-67EA-0DEC-7A3EF92CEE3A}.Release|x64.Build.0 = Release|x64
	EndGlobalSection
	GlobalSection(SolutionProperties) = preSolution
		HideSolutionNode = FALSE
	EndGlobalSection
EndGlobal
